
Microsoft Visual Studio Solution File, Format Version 12.00
# Visual Studio 15
VisualStudioVersion = 15.0.28307.168
MinimumVisualStudioVersion = 10.0.40219.1
Project("{FAE04EC0-301F-11D3-BF4B-00C04F79EFBC}") = "Mosaic Todo", "Mosaic Todo\Mosaic Todo.csproj", "{D3C4D37A-0EF7-499D-9BEB-E36360DE2FBC}"
EndProject
Global
	GlobalSection(SolutionConfigurationPlatforms) = preSolution
		Debug|Any CPU = Debug|Any CPU
		Release|Any CPU = Release|Any CPU
	EndGlobalSection
	GlobalSection(ProjectConfigurationPlatforms) = postSolution
		{D3C4D37A-0EF7-499D-9BEB-E36360DE2FBC}.Debug|Any CPU.ActiveCfg = Debug|Any CPU
		{D3C4D37A-0EF7-499D-9BEB-E36360DE2FBC}.Debug|Any CPU.Build.0 = Debug|Any CPU
		{D3C4D37A-0EF7-499D-9BEB-E36360DE2FBC}.Release|Any CPU.ActiveCfg = Release|Any CPU
		{D3C4D37A-0EF7-499D-9BEB-E36360DE2FBC}.Release|Any CPU.Build.0 = Release|Any CPU
	EndGlobalSection
	GlobalSection(SolutionProperties) = preSolution
		HideSolutionNode = FALSE
	EndGlobalSection
	GlobalSection(ExtensibilityGlobals) = postSolution
		SolutionGuid = {91B934F8-94EA-4635-BF7E-460C4CA0D28C}
	EndGlobalSection
EndGlobal
